
Microsoft Visual Studio Solution File, Format Version 12.00
# Visual Studio 15
VisualStudioVersion = 15.0.28307.489
MinimumVisualStudioVersion = 10.0.40219.1
Project("{FAE04EC0-301F-11D3-BF4B-00C04F79EFBC}") = "AngularJS SPA", "AngularJS SPA\AngularJS SPA.csproj", "{D4D1618C-B993-4677-92FB-32FAD2F1FD1F}"
EndProject
Global
	GlobalSection(SolutionConfigurationPlatforms) = preSolution
		Debug|Any CPU = Debug|Any CPU
		Release|Any CPU = Release|Any CPU
	EndGlobalSection
	GlobalSection(ProjectConfigurationPlatforms) = postSolution
		{D4D1618C-B993-4677-92FB-32FAD2F1FD1F}.Debug|Any CPU.ActiveCfg = Debug|Any CPU
		{D4D1618C-B993-4677-92FB-32FAD2F1FD1F}.Debug|Any CPU.Build.0 = Debug|Any CPU
		{D4D1618C-B993-4677-92FB-32FAD2F1FD1F}.Release|Any CPU.ActiveCfg = Release|Any CPU
		{D4D1618C-B993-4677-92FB-32FAD2F1FD1F}.Release|Any CPU.Build.0 = Release|Any CPU
	EndGlobalSection
	GlobalSection(SolutionProperties) = preSolution
		HideSolutionNode = FALSE
	EndGlobalSection
	GlobalSection(ExtensibilityGlobals) = postSolution
		SolutionGuid = {9EF5AB96-41A1-46EA-8A82-33ACEB6A0867}
	EndGlobalSection
EndGlobal
