
Microsoft Visual Studio Solution File, Format Version 12.00
# Visual Studio 15
VisualStudioVersion = 15.0.28307.572
MinimumVisualStudioVersion = 10.0.40219.1
Project("{FAE04EC0-301F-11D3-BF4B-00C04F79EFBC}") = "Angularjs SPA", "Angularjs SPA\Angularjs SPA.csproj", "{5AABC0A2-7E53-4D5B-B5FB-6FB898EF55A5}"
EndProject
Global
	GlobalSection(SolutionConfigurationPlatforms) = preSolution
		Debug|Any CPU = Debug|Any CPU
		Release|Any CPU = Release|Any CPU
	EndGlobalSection
	GlobalSection(ProjectConfigurationPlatforms) = postSolution
		{5AABC0A2-7E53-4D5B-B5FB-6FB898EF55A5}.Debug|Any CPU.ActiveCfg = Debug|Any CPU
		{5AABC0A2-7E53-4D5B-B5FB-6FB898EF55A5}.Debug|Any CPU.Build.0 = Debug|Any CPU
		{5AABC0A2-7E53-4D5B-B5FB-6FB898EF55A5}.Release|Any CPU.ActiveCfg = Release|Any CPU
		{5AABC0A2-7E53-4D5B-B5FB-6FB898EF55A5}.Release|Any CPU.Build.0 = Release|Any CPU
	EndGlobalSection
	GlobalSection(SolutionProperties) = preSolution
		HideSolutionNode = FALSE
	EndGlobalSection
	GlobalSection(ExtensibilityGlobals) = postSolution
		SolutionGuid = {E4C8382E-7EF3-49E7-8D88-13E247060C25}
	EndGlobalSection
EndGlobal
